
Microsoft Visual Studio Solution File, Format Version 12.00
# Visual Studio 14
VisualStudioVersion = 14.0.25123.0
MinimumVisualStudioVersion = 10.0.40219.1
Project("{888888A0-9F3D-457C-B088-3A5042F75D52}") = "WebProject1", "WebProject1\WebProject1.pyproj", "{4361E567-3B16-469D-AE3C-84A6928889FF}"
EndProject
Global
	GlobalSection(SolutionConfigurationPlatforms) = preSolution
		Debug|Any CPU = Debug|Any CPU
		Release|Any CPU = Release|Any CPU
	EndGlobalSection
	GlobalSection(ProjectConfigurationPlatforms) = postSolution
		{4361E567-3B16-469D-AE3C-84A6928889FF}.Debug|Any CPU.ActiveCfg = Debug|Any CPU
		{4361E567-3B16-469D-AE3C-84A6928889FF}.Debug|Any CPU.Build.0 = Debug|Any CPU
		{4361E567-3B16-469D-AE3C-84A6928889FF}.Release|Any CPU.ActiveCfg = Release|Any CPU
		{4361E567-3B16-469D-AE3C-84A6928889FF}.Release|Any CPU.Build.0 = Release|Any CPU
	EndGlobalSection
	GlobalSection(SolutionProperties) = preSolution
		HideSolutionNode = FALSE
	EndGlobalSection
EndGlobal
